
Microsoft Visual Studio Solution File, Format Version 12.00
# Visual Studio Version 17
VisualStudioVersion = 17.11.35208.52
MinimumVisualStudioVersion = 10.0.40219.1
Project("{9A19103F-16F7-4668-BE54-9A1E7A4F7556}") = "WikiApp", "WikiApp\WikiApp.csproj", "{A6BB21D1-1BD2-47B6-9AA9-A935ECFBB4AA}"
EndProject
Global
	GlobalSection(SolutionConfigurationPlatforms) = preSolution
		Debug|Any CPU = Debug|Any CPU
		Release|Any CPU = Release|Any CPU
	EndGlobalSection
	GlobalSection(ProjectConfigurationPlatforms) = postSolution
		{A6BB21D1-1BD2-47B6-9AA9-A935ECFBB4AA}.Debug|Any CPU.ActiveCfg = Debug|Any CPU
		{A6BB21D1-1BD2-47B6-9AA9-A935ECFBB4AA}.Debug|Any CPU.Build.0 = Debug|Any CPU
		{A6BB21D1-1BD2-47B6-9AA9-A935ECFBB4AA}.Release|Any CPU.ActiveCfg = Release|Any CPU
		{A6BB21D1-1BD2-47B6-9AA9-A935ECFBB4AA}.Release|Any CPU.Build.0 = Release|Any CPU
	EndGlobalSection
	GlobalSection(SolutionProperties) = preSolution
		HideSolutionNode = FALSE
	EndGlobalSection
	GlobalSection(ExtensibilityGlobals) = postSolution
		SolutionGuid = {130BA497-6E76-40A8-85EF-3D4891AF78F6}
	EndGlobalSection
EndGlobal
